<?xml version="1.0" encoding="UTF-8"?>
<!DOCTYPE plist PUBLIC "-//Apple//DTD PLIST 1.0//EN" "http://www.apple.com/DTDs/PropertyList-1.0.dtd">
<plist version="1.0">
<dict>
	<key>archiveVersion</key>
	<string>1</string>
	<key>classes</key>
	<dict/>
	<key>objectVersion</key>
	<string>46</string>
	<key>objects</key>
	<dict>
		<key>3A8EC3FCEC848DA122983FF8</key>
		<dict>
			<key>buildActionMask</key>
			<string>2147483647</string>
			<key>files</key>
			<array/>
			<key>inputPaths</key>
			<array/>
			<key>isa</key>
			<string>PBXShellScriptBuildPhase</string>
			<key>name</key>
			<string>Embed Pods Frameworks</string>
			<key>outputPaths</key>
			<array/>
			<key>runOnlyForDeploymentPostprocessing</key>
			<string>0</string>
			<key>shellPath</key>
			<string>/bin/sh</string>
			<key>shellScript</key>
			<string>"${SRCROOT}/Pods/Target Support Files/Pods-ra9-iOSTraining/Pods-ra9-iOSTraining-frameworks.sh"
</string>
			<key>showEnvVarsInLog</key>
			<string>0</string>
		</dict>
		<key>3E95606C26BE04248348B8D2</key>
		<dict>
			<key>buildActionMask</key>
			<string>2147483647</string>
			<key>files</key>
			<array/>
			<key>inputPaths</key>
			<array/>
			<key>isa</key>
			<string>PBXShellScriptBuildPhase</string>
			<key>name</key>
			<string>Copy Pods Resources</string>
			<key>outputPaths</key>
			<array/>
			<key>runOnlyForDeploymentPostprocessing</key>
			<string>0</string>
			<key>shellPath</key>
			<string>/bin/sh</string>
			<key>shellScript</key>
			<string>"${SRCROOT}/Pods/Target Support Files/Pods-ra9-iOSTraining/Pods-ra9-iOSTraining-resources.sh"
</string>
			<key>showEnvVarsInLog</key>
			<string>0</string>
		</dict>
		<key>6120FCB4F733A0AB952842FC</key>
		<dict>
			<key>buildActionMask</key>
			<string>2147483647</string>
			<key>files</key>
			<array/>
			<key>inputPaths</key>
			<array/>
			<key>isa</key>
			<string>PBXShellScriptBuildPhase</string>
			<key>name</key>
			<string>Check Pods Manifest.lock</string>
			<key>outputPaths</key>
			<array/>
			<key>runOnlyForDeploymentPostprocessing</key>
			<string>0</string>
			<key>shellPath</key>
			<string>/bin/sh</string>
			<key>shellScript</key>
			<string>diff "${PODS_ROOT}/../Podfile.lock" "${PODS_ROOT}/Manifest.lock" &gt; /dev/null
if [[ $? != 0 ]] ; then
    cat &lt;&lt; EOM
error: The sandbox is not in sync with the Podfile.lock. Run 'pod install' or update your CocoaPods installation.
EOM
    exit 1
fi
</string>
			<key>showEnvVarsInLog</key>
			<string>0</string>
		</dict>
		<key>8538EEC856CEA146BF57F84F</key>
		<dict>
			<key>explicitFileType</key>
			<string>archive.ar</string>
			<key>includeInIndex</key>
			<string>0</string>
			<key>isa</key>
			<string>PBXFileReference</string>
			<key>path</key>
			<string>libPods-ra9-iOSTraining.a</string>
			<key>sourceTree</key>
			<string>BUILT_PRODUCTS_DIR</string>
		</dict>
		<key>ABE032A64AA45443C44FE274</key>
		<dict>
			<key>children</key>
			<array>
				<string>8538EEC856CEA146BF57F84F</string>
			</array>
			<key>isa</key>
			<string>PBXGroup</string>
			<key>name</key>
			<string>Frameworks</string>
			<key>sourceTree</key>
			<string>&lt;group&gt;</string>
		</dict>
		<key>B24DD3E3542CFF594829CE0C</key>
		<dict>
			<key>fileRef</key>
			<string>8538EEC856CEA146BF57F84F</string>
			<key>isa</key>
			<string>PBXBuildFile</string>
		</dict>
		<key>CC519CCE1D9E120400DDB88D</key>
		<dict>
			<key>children</key>
			<array>
				<string>CC519CD91D9E120500DDB88D</string>
				<string>CC519CF31D9E120500DDB88D</string>
				<string>CC519CFE1D9E120500DDB88D</string>
				<string>CC519CD81D9E120500DDB88D</string>
				<string>D9783F9EBD1C33FE3DC96CF5</string>
				<string>ABE032A64AA45443C44FE274</string>
			</array>
			<key>isa</key>
			<string>PBXGroup</string>
			<key>sourceTree</key>
			<string>&lt;group&gt;</string>
		</dict>
		<key>CC519CCF1D9E120400DDB88D</key>
		<dict>
			<key>attributes</key>
			<dict>
				<key>LastUpgradeCheck</key>
				<string>0800</string>
				<key>ORGANIZATIONNAME</key>
				<string>&#12488;&#12453;&#12450;&#12531;&#12450;&#12452;&#12531;</string>
				<key>TargetAttributes</key>
				<dict>
					<key>CC519CD61D9E120500DDB88D</key>
					<dict>
						<key>CreatedOnToolsVersion</key>
						<string>8.0</string>
						<key>DevelopmentTeam</key>
						<string>5FLE9ZKHYR</string>
						<key>ProvisioningStyle</key>
						<string>Automatic</string>
					</dict>
					<key>CC519CEF1D9E120500DDB88D</key>
					<dict>
						<key>CreatedOnToolsVersion</key>
						<string>8.0</string>
						<key>DevelopmentTeam</key>
						<string>5FLE9ZKHYR</string>
						<key>ProvisioningStyle</key>
						<string>Automatic</string>
						<key>TestTargetID</key>
						<string>CC519CD61D9E120500DDB88D</string>
					</dict>
					<key>CC519CFA1D9E120500DDB88D</key>
					<dict>
						<key>CreatedOnToolsVersion</key>
						<string>8.0</string>
						<key>DevelopmentTeam</key>
						<string>5FLE9ZKHYR</string>
						<key>ProvisioningStyle</key>
						<string>Automatic</string>
						<key>TestTargetID</key>
						<string>CC519CD61D9E120500DDB88D</string>
					</dict>
				</dict>
			</dict>
			<key>buildConfigurationList</key>
			<string>CC519CD21D9E120400DDB88D</string>
			<key>compatibilityVersion</key>
			<string>Xcode 3.2</string>
			<key>developmentRegion</key>
			<string>English</string>
			<key>hasScannedForEncodings</key>
			<string>0</string>
			<key>isa</key>
			<string>PBXProject</string>
			<key>knownRegions</key>
			<array>
				<string>en</string>
				<string>Base</string>
			</array>
			<key>mainGroup</key>
			<string>CC519CCE1D9E120400DDB88D</string>
			<key>productRefGroup</key>
			<string>CC519CD81D9E120500DDB88D</string>
			<key>projectDirPath</key>
			<string></string>
			<key>projectReferences</key>
			<array/>
			<key>projectRoot</key>
			<string></string>
			<key>targets</key>
			<array>
				<string>CC519CD61D9E120500DDB88D</string>
				<string>CC519CEF1D9E120500DDB88D</string>
				<string>CC519CFA1D9E120500DDB88D</string>
			</array>
		</dict>
		<key>CC519CD21D9E120400DDB88D</key>
		<dict>
			<key>buildConfigurations</key>
			<array>
				<string>CC519D021D9E120500DDB88D</string>
				<string>CC519D031D9E120500DDB88D</string>
			</array>
			<key>defaultConfigurationIsVisible</key>
			<string>0</string>
			<key>defaultConfigurationName</key>
			<string>Release</string>
			<key>isa</key>
			<string>XCConfigurationList</string>
		</dict>
		<key>CC519CD31D9E120500DDB88D</key>
		<dict>
			<key>buildActionMask</key>
			<string>2147483647</string>
			<key>files</key>
			<array>
				<string>CC519CDF1D9E120500DDB88D</string>
				<string>CC519D191D9E328300DDB88D</string>
				<string>CC519D201D9E33A700DDB88D</string>
				<string>CC519D231D9E373700DDB88D</string>
				<string>CC519CDC1D9E120500DDB88D</string>
				<string>CC519D161D9E313600DDB88D</string>
			</array>
			<key>isa</key>
			<string>PBXSourcesBuildPhase</string>
			<key>runOnlyForDeploymentPostprocessing</key>
			<string>0</string>
		</dict>
		<key>CC519CD41D9E120500DDB88D</key>
		<dict>
			<key>buildActionMask</key>
			<string>2147483647</string>
			<key>files</key>
			<array>
				<string>B24DD3E3542CFF594829CE0C</string>
			</array>
			<key>isa</key>
			<string>PBXFrameworksBuildPhase</string>
			<key>runOnlyForDeploymentPostprocessing</key>
			<string>0</string>
		</dict>
		<key>CC519CD51D9E120500DDB88D</key>
		<dict>
			<key>buildActionMask</key>
			<string>2147483647</string>
			<key>files</key>
			<array>
				<string>CC519D131D9E190200DDB88D</string>
				<string>CC519CE71D9E120500DDB88D</string>
			</array>
			<key>isa</key>
			<string>PBXResourcesBuildPhase</string>
			<key>runOnlyForDeploymentPostprocessing</key>
			<string>0</string>
		</dict>
		<key>CC519CD61D9E120500DDB88D</key>
		<dict>
			<key>buildConfigurationList</key>
			<string>CC519D041D9E120500DDB88D</string>
			<key>buildPhases</key>
			<array>
				<string>6120FCB4F733A0AB952842FC</string>
				<string>CC519CD31D9E120500DDB88D</string>
				<string>CC519CD41D9E120500DDB88D</string>
				<string>CC519CD51D9E120500DDB88D</string>
				<string>3A8EC3FCEC848DA122983FF8</string>
				<string>3E95606C26BE04248348B8D2</string>
			</array>
			<key>buildRules</key>
			<array/>
			<key>dependencies</key>
			<array/>
			<key>isa</key>
			<string>PBXNativeTarget</string>
			<key>name</key>
			<string>ra9-iOSTraining</string>
			<key>productName</key>
			<string>ra9-iOSTraining</string>
			<key>productReference</key>
			<string>CC519CD71D9E120500DDB88D</string>
			<key>productType</key>
			<string>com.apple.product-type.application</string>
		</dict>
		<key>CC519CD71D9E120500DDB88D</key>
		<dict>
			<key>explicitFileType</key>
			<string>wrapper.application</string>
			<key>includeInIndex</key>
			<string>0</string>
			<key>isa</key>
			<string>PBXFileReference</string>
			<key>path</key>
			<string>ra9-iOSTraining.app</string>
			<key>sourceTree</key>
			<string>BUILT_PRODUCTS_DIR</string>
		</dict>
		<key>CC519CD81D9E120500DDB88D</key>
		<dict>
			<key>children</key>
			<array>
				<string>CC519CD71D9E120500DDB88D</string>
				<string>CC519CF01D9E120500DDB88D</string>
				<string>CC519CFB1D9E120500DDB88D</string>
			</array>
			<key>isa</key>
			<string>PBXGroup</string>
			<key>name</key>
			<string>Products</string>
			<key>sourceTree</key>
			<string>&lt;group&gt;</string>
		</dict>
		<key>CC519CD91D9E120500DDB88D</key>
		<dict>
			<key>children</key>
			<array>
				<string>CC519D111D9E186900DDB88D</string>
				<string>CC519D0D1D9E185A00DDB88D</string>
				<string>CC519D0E1D9E185A00DDB88D</string>
				<string>CC519D0F1D9E185A00DDB88D</string>
				<string>CC519D101D9E185A00DDB88D</string>
				<string>CC519CDD1D9E120500DDB88D</string>
				<string>CC519CDE1D9E120500DDB88D</string>
				<string>CC519CEB1D9E120500DDB88D</string>
				<string>CC519CE61D9E120500DDB88D</string>
				<string>CC519CDA1D9E120500DDB88D</string>
			</array>
			<key>isa</key>
			<string>PBXGroup</string>
			<key>path</key>
			<string>ra9-iOSTraining</string>
			<key>sourceTree</key>
			<string>&lt;group&gt;</string>
		</dict>
		<key>CC519CDA1D9E120500DDB88D</key>
		<dict>
			<key>children</key>
			<array>
				<string>CC519CDB1D9E120500DDB88D</string>
			</array>
			<key>isa</key>
			<string>PBXGroup</string>
			<key>name</key>
			<string>Supporting Files</string>
			<key>sourceTree</key>
			<string>&lt;group&gt;</string>
		</dict>
		<key>CC519CDB1D9E120500DDB88D</key>
		<dict>
			<key>isa</key>
			<string>PBXFileReference</string>
			<key>lastKnownFileType</key>
			<string>sourcecode.c.objc</string>
			<key>path</key>
			<string>main.m</string>
			<key>sourceTree</key>
			<string>&lt;group&gt;</string>
		</dict>
		<key>CC519CDC1D9E120500DDB88D</key>
		<dict>
			<key>fileRef</key>
			<string>CC519CDB1D9E120500DDB88D</string>
			<key>isa</key>
			<string>PBXBuildFile</string>
		</dict>
		<key>CC519CDD1D9E120500DDB88D</key>
		<dict>
			<key>isa</key>
			<string>PBXFileReference</string>
			<key>lastKnownFileType</key>
			<string>sourcecode.c.h</string>
			<key>path</key>
			<string>AppDelegate.h</string>
			<key>sourceTree</key>
			<string>&lt;group&gt;</string>
		</dict>
		<key>CC519CDE1D9E120500DDB88D</key>
		<dict>
			<key>isa</key>
			<string>PBXFileReference</string>
			<key>lastKnownFileType</key>
			<string>sourcecode.c.objc</string>
			<key>path</key>
			<string>AppDelegate.m</string>
			<key>sourceTree</key>
			<string>&lt;group&gt;</string>
		</dict>
		<key>CC519CDF1D9E120500DDB88D</key>
		<dict>
			<key>fileRef</key>
			<string>CC519CDE1D9E120500DDB88D</string>
			<key>isa</key>
			<string>PBXBuildFile</string>
		</dict>
		<key>CC519CE61D9E120500DDB88D</key>
		<dict>
			<key>isa</key>
			<string>PBXFileReference</string>
			<key>lastKnownFileType</key>
			<string>folder.assetcatalog</string>
			<key>path</key>
			<string>Assets.xcassets</string>
			<key>sourceTree</key>
			<string>&lt;group&gt;</string>
		</dict>
		<key>CC519CE71D9E120500DDB88D</key>
		<dict>
			<key>fileRef</key>
			<string>CC519CE61D9E120500DDB88D</string>
			<key>isa</key>
			<string>PBXBuildFile</string>
		</dict>
		<key>CC519CEB1D9E120500DDB88D</key>
		<dict>
			<key>isa</key>
			<string>PBXFileReference</string>
			<key>lastKnownFileType</key>
			<string>text.plist.xml</string>
			<key>path</key>
			<string>Info.plist</string>
			<key>sourceTree</key>
			<string>&lt;group&gt;</string>
		</dict>
		<key>CC519CEC1D9E120500DDB88D</key>
		<dict>
			<key>buildActionMask</key>
			<string>2147483647</string>
			<key>files</key>
			<array>
				<string>CC519CF51D9E120500DDB88D</string>
			</array>
			<key>isa</key>
			<string>PBXSourcesBuildPhase</string>
			<key>runOnlyForDeploymentPostprocessing</key>
			<string>0</string>
		</dict>
		<key>CC519CED1D9E120500DDB88D</key>
		<dict>
			<key>buildActionMask</key>
			<string>2147483647</string>
			<key>files</key>
			<array/>
			<key>isa</key>
			<string>PBXFrameworksBuildPhase</string>
			<key>runOnlyForDeploymentPostprocessing</key>
			<string>0</string>
		</dict>
		<key>CC519CEE1D9E120500DDB88D</key>
		<dict>
			<key>buildActionMask</key>
			<string>2147483647</string>
			<key>files</key>
			<array/>
			<key>isa</key>
			<string>PBXResourcesBuildPhase</string>
			<key>runOnlyForDeploymentPostprocessing</key>
			<string>0</string>
		</dict>
		<key>CC519CEF1D9E120500DDB88D</key>
		<dict>
			<key>buildConfigurationList</key>
			<string>CC519D071D9E120500DDB88D</string>
			<key>buildPhases</key>
			<array>
				<string>CC519CEC1D9E120500DDB88D</string>
				<string>CC519CED1D9E120500DDB88D</string>
				<string>CC519CEE1D9E120500DDB88D</string>
			</array>
			<key>buildRules</key>
			<array/>
			<key>dependencies</key>
			<array>
				<string>CC519CF21D9E120500DDB88D</string>
			</array>
			<key>isa</key>
			<string>PBXNativeTarget</string>
			<key>name</key>
			<string>ra9-iOSTrainingTests</string>
			<key>productName</key>
			<string>ra9-iOSTrainingTests</string>
			<key>productReference</key>
			<string>CC519CF01D9E120500DDB88D</string>
			<key>productType</key>
			<string>com.apple.product-type.bundle.unit-test</string>
		</dict>
		<key>CC519CF01D9E120500DDB88D</key>
		<dict>
			<key>explicitFileType</key>
			<string>wrapper.cfbundle</string>
			<key>includeInIndex</key>
			<string>0</string>
			<key>isa</key>
			<string>PBXFileReference</string>
			<key>path</key>
			<string>ra9-iOSTrainingTests.xctest</string>
			<key>sourceTree</key>
			<string>BUILT_PRODUCTS_DIR</string>
		</dict>
		<key>CC519CF11D9E120500DDB88D</key>
		<dict>
			<key>containerPortal</key>
			<string>CC519CCF1D9E120400DDB88D</string>
			<key>isa</key>
			<string>PBXContainerItemProxy</string>
			<key>proxyType</key>
			<string>1</string>
			<key>remoteGlobalIDString</key>
			<string>CC519CD61D9E120500DDB88D</string>
			<key>remoteInfo</key>
			<string>ra9-iOSTraining</string>
		</dict>
		<key>CC519CF21D9E120500DDB88D</key>
		<dict>
			<key>isa</key>
			<string>PBXTargetDependency</string>
			<key>target</key>
			<string>CC519CD61D9E120500DDB88D</string>
			<key>targetProxy</key>
			<string>CC519CF11D9E120500DDB88D</string>
		</dict>
		<key>CC519CF31D9E120500DDB88D</key>
		<dict>
			<key>children</key>
			<array>
				<string>CC519CF41D9E120500DDB88D</string>
				<string>CC519CF61D9E120500DDB88D</string>
			</array>
			<key>isa</key>
			<string>PBXGroup</string>
			<key>path</key>
			<string>ra9-iOSTrainingTests</string>
			<key>sourceTree</key>
			<string>&lt;group&gt;</string>
		</dict>
		<key>CC519CF41D9E120500DDB88D</key>
		<dict>
			<key>isa</key>
			<string>PBXFileReference</string>
			<key>lastKnownFileType</key>
			<string>sourcecode.c.objc</string>
			<key>path</key>
			<string>ra9_iOSTrainingTests.m</string>
			<key>sourceTree</key>
			<string>&lt;group&gt;</string>
		</dict>
		<key>CC519CF51D9E120500DDB88D</key>
		<dict>
			<key>fileRef</key>
			<string>CC519CF41D9E120500DDB88D</string>
			<key>isa</key>
			<string>PBXBuildFile</string>
		</dict>
		<key>CC519CF61D9E120500DDB88D</key>
		<dict>
			<key>isa</key>
			<string>PBXFileReference</string>
			<key>lastKnownFileType</key>
			<string>text.plist.xml</string>
			<key>path</key>
			<string>Info.plist</string>
			<key>sourceTree</key>
			<string>&lt;group&gt;</string>
		</dict>
		<key>CC519CF71D9E120500DDB88D</key>
		<dict>
			<key>buildActionMask</key>
			<string>2147483647</string>
			<key>files</key>
			<array>
				<string>CC519D001D9E120500DDB88D</string>
			</array>
			<key>isa</key>
			<string>PBXSourcesBuildPhase</string>
			<key>runOnlyForDeploymentPostprocessing</key>
			<string>0</string>
		</dict>
		<key>CC519CF81D9E120500DDB88D</key>
		<dict>
			<key>buildActionMask</key>
			<string>2147483647</string>
			<key>files</key>
			<array/>
			<key>isa</key>
			<string>PBXFrameworksBuildPhase</string>
			<key>runOnlyForDeploymentPostprocessing</key>
			<string>0</string>
		</dict>
		<key>CC519CF91D9E120500DDB88D</key>
		<dict>
			<key>buildActionMask</key>
			<string>2147483647</string>
			<key>files</key>
			<array/>
			<key>isa</key>
			<string>PBXResourcesBuildPhase</string>
			<key>runOnlyForDeploymentPostprocessing</key>
			<string>0</string>
		</dict>
		<key>CC519CFA1D9E120500DDB88D</key>
		<dict>
			<key>buildConfigurationList</key>
			<string>CC519D0A1D9E120500DDB88D</string>
			<key>buildPhases</key>
			<array>
				<string>CC519CF71D9E120500DDB88D</string>
				<string>CC519CF81D9E120500DDB88D</string>
				<string>CC519CF91D9E120500DDB88D</string>
			</array>
			<key>buildRules</key>
			<array/>
			<key>dependencies</key>
			<array>
				<string>CC519CFD1D9E120500DDB88D</string>
			</array>
			<key>isa</key>
			<string>PBXNativeTarget</string>
			<key>name</key>
			<string>ra9-iOSTrainingUITests</string>
			<key>productName</key>
			<string>ra9-iOSTrainingUITests</string>
			<key>productReference</key>
			<string>CC519CFB1D9E120500DDB88D</string>
			<key>productType</key>
			<string>com.apple.product-type.bundle.ui-testing</string>
		</dict>
		<key>CC519CFB1D9E120500DDB88D</key>
		<dict>
			<key>explicitFileType</key>
			<string>wrapper.cfbundle</string>
			<key>includeInIndex</key>
			<string>0</string>
			<key>isa</key>
			<string>PBXFileReference</string>
			<key>path</key>
			<string>ra9-iOSTrainingUITests.xctest</string>
			<key>sourceTree</key>
			<string>BUILT_PRODUCTS_DIR</string>
		</dict>
		<key>CC519CFC1D9E120500DDB88D</key>
		<dict>
			<key>containerPortal</key>
			<string>CC519CCF1D9E120400DDB88D</string>
			<key>isa</key>
			<string>PBXContainerItemProxy</string>
			<key>proxyType</key>
			<string>1</string>
			<key>remoteGlobalIDString</key>
			<string>CC519CD61D9E120500DDB88D</string>
			<key>remoteInfo</key>
			<string>ra9-iOSTraining</string>
		</dict>
		<key>CC519CFD1D9E120500DDB88D</key>
		<dict>
			<key>isa</key>
			<string>PBXTargetDependency</string>
			<key>target</key>
			<string>CC519CD61D9E120500DDB88D</string>
			<key>targetProxy</key>
			<string>CC519CFC1D9E120500DDB88D</string>
		</dict>
		<key>CC519CFE1D9E120500DDB88D</key>
		<dict>
			<key>children</key>
			<array>
				<string>CC519CFF1D9E120500DDB88D</string>
				<string>CC519D011D9E120500DDB88D</string>
			</array>
			<key>isa</key>
			<string>PBXGroup</string>
			<key>path</key>
			<string>ra9-iOSTrainingUITests</string>
			<key>sourceTree</key>
			<string>&lt;group&gt;</string>
		</dict>
		<key>CC519CFF1D9E120500DDB88D</key>
		<dict>
			<key>isa</key>
			<string>PBXFileReference</string>
			<key>lastKnownFileType</key>
			<string>sourcecode.c.objc</string>
			<key>path</key>
			<string>ra9_iOSTrainingUITests.m</string>
			<key>sourceTree</key>
			<string>&lt;group&gt;</string>
		</dict>
		<key>CC519D001D9E120500DDB88D</key>
		<dict>
			<key>fileRef</key>
			<string>CC519CFF1D9E120500DDB88D</string>
			<key>isa</key>
			<string>PBXBuildFile</string>
		</dict>
		<key>CC519D011D9E120500DDB88D</key>
		<dict>
			<key>isa</key>
			<string>PBXFileReference</string>
			<key>lastKnownFileType</key>
			<string>text.plist.xml</string>
			<key>path</key>
			<string>Info.plist</string>
			<key>sourceTree</key>
			<string>&lt;group&gt;</string>
		</dict>
		<key>CC519D021D9E120500DDB88D</key>
		<dict>
			<key>buildSettings</key>
			<dict>
				<key>ALWAYS_SEARCH_USER_PATHS</key>
				<string>NO</string>
				<key>CLANG_ANALYZER_NONNULL</key>
				<string>YES</string>
				<key>CLANG_CXX_LANGUAGE_STANDARD</key>
				<string>gnu++0x</string>
				<key>CLANG_CXX_LIBRARY</key>
				<string>libc++</string>
				<key>CLANG_ENABLE_MODULES</key>
				<string>YES</string>
				<key>CLANG_ENABLE_OBJC_ARC</key>
				<string>YES</string>
				<key>CLANG_WARN_BOOL_CONVERSION</key>
				<string>YES</string>
				<key>CLANG_WARN_CONSTANT_CONVERSION</key>
				<string>YES</string>
				<key>CLANG_WARN_DIRECT_OBJC_ISA_USAGE</key>
				<string>YES_ERROR</string>
				<key>CLANG_WARN_DOCUMENTATION_COMMENTS</key>
				<string>YES</string>
				<key>CLANG_WARN_EMPTY_BODY</key>
				<string>YES</string>
				<key>CLANG_WARN_ENUM_CONVERSION</key>
				<string>YES</string>
				<key>CLANG_WARN_INFINITE_RECURSION</key>
				<string>YES</string>
				<key>CLANG_WARN_INT_CONVERSION</key>
				<string>YES</string>
				<key>CLANG_WARN_OBJC_ROOT_CLASS</key>
				<string>YES_ERROR</string>
				<key>CLANG_WARN_SUSPICIOUS_MOVES</key>
				<string>YES</string>
				<key>CLANG_WARN_UNREACHABLE_CODE</key>
				<string>YES</string>
				<key>CLANG_WARN__DUPLICATE_METHOD_MATCH</key>
				<string>YES</string>
				<key>CODE_SIGN_IDENTITY[sdk=iphoneos*]</key>
				<string>iPhone Developer</string>
				<key>COPY_PHASE_STRIP</key>
				<string>NO</string>
				<key>DEBUG_INFORMATION_FORMAT</key>
				<string>dwarf</string>
				<key>ENABLE_STRICT_OBJC_MSGSEND</key>
				<string>YES</string>
				<key>ENABLE_TESTABILITY</key>
				<string>YES</string>
				<key>GCC_C_LANGUAGE_STANDARD</key>
				<string>gnu99</string>
				<key>GCC_DYNAMIC_NO_PIC</key>
				<string>NO</string>
				<key>GCC_NO_COMMON_BLOCKS</key>
				<string>YES</string>
				<key>GCC_OPTIMIZATION_LEVEL</key>
				<string>0</string>
				<key>GCC_PREPROCESSOR_DEFINITIONS</key>
				<array>
					<string>DEBUG=1</string>
					<string>$(inherited)</string>
				</array>
				<key>GCC_WARN_64_TO_32_BIT_CONVERSION</key>
				<string>YES</string>
				<key>GCC_WARN_ABOUT_RETURN_TYPE</key>
				<string>YES_ERROR</string>
				<key>GCC_WARN_UNDECLARED_SELECTOR</key>
				<string>YES</string>
				<key>GCC_WARN_UNINITIALIZED_AUTOS</key>
				<string>YES_AGGRESSIVE</string>
				<key>GCC_WARN_UNUSED_FUNCTION</key>
				<string>YES</string>
				<key>GCC_WARN_UNUSED_VARIABLE</key>
				<string>YES</string>
				<key>IPHONEOS_DEPLOYMENT_TARGET</key>
				<string>10.0</string>
				<key>MTL_ENABLE_DEBUG_INFO</key>
				<string>YES</string>
				<key>ONLY_ACTIVE_ARCH</key>
				<string>YES</string>
				<key>SDKROOT</key>
				<string>iphoneos</string>
				<key>TARGETED_DEVICE_FAMILY</key>
				<string>1,2</string>
			</dict>
			<key>isa</key>
			<string>XCBuildConfiguration</string>
			<key>name</key>
			<string>Debug</string>
		</dict>
		<key>CC519D031D9E120500DDB88D</key>
		<dict>
			<key>buildSettings</key>
			<dict>
				<key>ALWAYS_SEARCH_USER_PATHS</key>
				<string>NO</string>
				<key>CLANG_ANALYZER_NONNULL</key>
				<string>YES</string>
				<key>CLANG_CXX_LANGUAGE_STANDARD</key>
				<string>gnu++0x</string>
				<key>CLANG_CXX_LIBRARY</key>
				<string>libc++</string>
				<key>CLANG_ENABLE_MODULES</key>
				<string>YES</string>
				<key>CLANG_ENABLE_OBJC_ARC</key>
				<string>YES</string>
				<key>CLANG_WARN_BOOL_CONVERSION</key>
				<string>YES</string>
				<key>CLANG_WARN_CONSTANT_CONVERSION</key>
				<string>YES</string>
				<key>CLANG_WARN_DIRECT_OBJC_ISA_USAGE</key>
				<string>YES_ERROR</string>
				<key>CLANG_WARN_DOCUMENTATION_COMMENTS</key>
				<string>YES</string>
				<key>CLANG_WARN_EMPTY_BODY</key>
				<string>YES</string>
				<key>CLANG_WARN_ENUM_CONVERSION</key>
				<string>YES</string>
				<key>CLANG_WARN_INFINITE_RECURSION</key>
				<string>YES</string>
				<key>CLANG_WARN_INT_CONVERSION</key>
				<string>YES</string>
				<key>CLANG_WARN_OBJC_ROOT_CLASS</key>
				<string>YES_ERROR</string>
				<key>CLANG_WARN_SUSPICIOUS_MOVES</key>
				<string>YES</string>
				<key>CLANG_WARN_UNREACHABLE_CODE</key>
				<string>YES</string>
				<key>CLANG_WARN__DUPLICATE_METHOD_MATCH</key>
				<string>YES</string>
				<key>CODE_SIGN_IDENTITY[sdk=iphoneos*]</key>
				<string>iPhone Developer</string>
				<key>COPY_PHASE_STRIP</key>
				<string>NO</string>
				<key>DEBUG_INFORMATION_FORMAT</key>
				<string>dwarf-with-dsym</string>
				<key>ENABLE_NS_ASSERTIONS</key>
				<string>NO</string>
				<key>ENABLE_STRICT_OBJC_MSGSEND</key>
				<string>YES</string>
				<key>GCC_C_LANGUAGE_STANDARD</key>
				<string>gnu99</string>
				<key>GCC_NO_COMMON_BLOCKS</key>
				<string>YES</string>
				<key>GCC_WARN_64_TO_32_BIT_CONVERSION</key>
				<string>YES</string>
				<key>GCC_WARN_ABOUT_RETURN_TYPE</key>
				<string>YES_ERROR</string>
				<key>GCC_WARN_UNDECLARED_SELECTOR</key>
				<string>YES</string>
				<key>GCC_WARN_UNINITIALIZED_AUTOS</key>
				<string>YES_AGGRESSIVE</string>
				<key>GCC_WARN_UNUSED_FUNCTION</key>
				<string>YES</string>
				<key>GCC_WARN_UNUSED_VARIABLE</key>
				<string>YES</string>
				<key>IPHONEOS_DEPLOYMENT_TARGET</key>
				<string>10.0</string>
				<key>MTL_ENABLE_DEBUG_INFO</key>
				<string>NO</string>
				<key>SDKROOT</key>
				<string>iphoneos</string>
				<key>TARGETED_DEVICE_FAMILY</key>
				<string>1,2</string>
				<key>VALIDATE_PRODUCT</key>
				<string>YES</string>
			</dict>
			<key>isa</key>
			<string>XCBuildConfiguration</string>
			<key>name</key>
			<string>Release</string>
		</dict>
		<key>CC519D041D9E120500DDB88D</key>
		<dict>
			<key>buildConfigurations</key>
			<array>
				<string>CC519D051D9E120500DDB88D</string>
				<string>CC519D061D9E120500DDB88D</string>
			</array>
			<key>defaultConfigurationIsVisible</key>
			<string>0</string>
			<key>defaultConfigurationName</key>
			<string>Release</string>
			<key>isa</key>
			<string>XCConfigurationList</string>
		</dict>
		<key>CC519D051D9E120500DDB88D</key>
		<dict>
			<key>baseConfigurationReference</key>
			<string>F977465506069D685ED0E8D6</string>
			<key>buildSettings</key>
			<dict>
				<key>ASSETCATALOG_COMPILER_APPICON_NAME</key>
				<string>AppIcon</string>
				<key>DEVELOPMENT_TEAM</key>
				<string>5FLE9ZKHYR</string>
				<key>INFOPLIST_FILE</key>
				<string>ra9-iOSTraining/Info.plist</string>
				<key>IPHONEOS_DEPLOYMENT_TARGET</key>
				<string>9.3</string>
				<key>LD_RUNPATH_SEARCH_PATHS</key>
				<string>$(inherited) @executable_path/Frameworks</string>
				<key>PRODUCT_BUNDLE_IDENTIFIER</key>
				<string>freedom.ra9-iOSTraining</string>
				<key>PRODUCT_NAME</key>
				<string>$(TARGET_NAME)</string>
			</dict>
			<key>isa</key>
			<string>XCBuildConfiguration</string>
			<key>name</key>
			<string>Debug</string>
		</dict>
		<key>CC519D061D9E120500DDB88D</key>
		<dict>
			<key>baseConfigurationReference</key>
			<string>ECA999AA2A497CD29F267660</string>
			<key>buildSettings</key>
			<dict>
				<key>ASSETCATALOG_COMPILER_APPICON_NAME</key>
				<string>AppIcon</string>
				<key>DEVELOPMENT_TEAM</key>
				<string>5FLE9ZKHYR</string>
				<key>INFOPLIST_FILE</key>
				<string>ra9-iOSTraining/Info.plist</string>
				<key>IPHONEOS_DEPLOYMENT_TARGET</key>
				<string>9.3</string>
				<key>LD_RUNPATH_SEARCH_PATHS</key>
				<string>$(inherited) @executable_path/Frameworks</string>
				<key>PRODUCT_BUNDLE_IDENTIFIER</key>
				<string>freedom.ra9-iOSTraining</string>
				<key>PRODUCT_NAME</key>
				<string>$(TARGET_NAME)</string>
			</dict>
			<key>isa</key>
			<string>XCBuildConfiguration</string>
			<key>name</key>
			<string>Release</string>
		</dict>
		<key>CC519D071D9E120500DDB88D</key>
		<dict>
			<key>buildConfigurations</key>
			<array>
				<string>CC519D081D9E120500DDB88D</string>
				<string>CC519D091D9E120500DDB88D</string>
			</array>
			<key>defaultConfigurationIsVisible</key>
			<string>0</string>
			<key>defaultConfigurationName</key>
			<string>Release</string>
			<key>isa</key>
			<string>XCConfigurationList</string>
		</dict>
		<key>CC519D081D9E120500DDB88D</key>
		<dict>
			<key>buildSettings</key>
			<dict>
				<key>BUNDLE_LOADER</key>
				<string>$(TEST_HOST)</string>
				<key>DEVELOPMENT_TEAM</key>
				<string>5FLE9ZKHYR</string>
				<key>INFOPLIST_FILE</key>
				<string>ra9-iOSTrainingTests/Info.plist</string>
				<key>LD_RUNPATH_SEARCH_PATHS</key>
				<string>$(inherited) @executable_path/Frameworks @loader_path/Frameworks</string>
				<key>PRODUCT_BUNDLE_IDENTIFIER</key>
				<string>freedom.ra9-iOSTrainingTests</string>
				<key>PRODUCT_NAME</key>
				<string>$(TARGET_NAME)</string>
				<key>TEST_HOST</key>
				<string>$(BUILT_PRODUCTS_DIR)/ra9-iOSTraining.app/ra9-iOSTraining</string>
			</dict>
			<key>isa</key>
			<string>XCBuildConfiguration</string>
			<key>name</key>
			<string>Debug</string>
		</dict>
		<key>CC519D091D9E120500DDB88D</key>
		<dict>
			<key>buildSettings</key>
			<dict>
				<key>BUNDLE_LOADER</key>
				<string>$(TEST_HOST)</string>
				<key>DEVELOPMENT_TEAM</key>
				<string>5FLE9ZKHYR</string>
				<key>INFOPLIST_FILE</key>
				<string>ra9-iOSTrainingTests/Info.plist</string>
				<key>LD_RUNPATH_SEARCH_PATHS</key>
				<string>$(inherited) @executable_path/Frameworks @loader_path/Frameworks</string>
				<key>PRODUCT_BUNDLE_IDENTIFIER</key>
				<string>freedom.ra9-iOSTrainingTests</string>
				<key>PRODUCT_NAME</key>
				<string>$(TARGET_NAME)</string>
				<key>TEST_HOST</key>
				<string>$(BUILT_PRODUCTS_DIR)/ra9-iOSTraining.app/ra9-iOSTraining</string>
			</dict>
			<key>isa</key>
			<string>XCBuildConfiguration</string>
			<key>name</key>
			<string>Release</string>
		</dict>
		<key>CC519D0A1D9E120500DDB88D</key>
		<dict>
			<key>buildConfigurations</key>
			<array>
				<string>CC519D0B1D9E120500DDB88D</string>
				<string>CC519D0C1D9E120500DDB88D</string>
			</array>
			<key>defaultConfigurationIsVisible</key>
			<string>0</string>
			<key>defaultConfigurationName</key>
			<string>Release</string>
			<key>isa</key>
			<string>XCConfigurationList</string>
		</dict>
		<key>CC519D0B1D9E120500DDB88D</key>
		<dict>
			<key>buildSettings</key>
			<dict>
				<key>DEVELOPMENT_TEAM</key>
				<string>5FLE9ZKHYR</string>
				<key>INFOPLIST_FILE</key>
				<string>ra9-iOSTrainingUITests/Info.plist</string>
				<key>LD_RUNPATH_SEARCH_PATHS</key>
				<string>$(inherited) @executable_path/Frameworks @loader_path/Frameworks</string>
				<key>PRODUCT_BUNDLE_IDENTIFIER</key>
				<string>freedom.ra9-iOSTrainingUITests</string>
				<key>PRODUCT_NAME</key>
				<string>$(TARGET_NAME)</string>
				<key>TEST_TARGET_NAME</key>
				<string>ra9-iOSTraining</string>
			</dict>
			<key>isa</key>
			<string>XCBuildConfiguration</string>
			<key>name</key>
			<string>Debug</string>
		</dict>
		<key>CC519D0C1D9E120500DDB88D</key>
		<dict>
			<key>buildSettings</key>
			<dict>
				<key>DEVELOPMENT_TEAM</key>
				<string>5FLE9ZKHYR</string>
				<key>INFOPLIST_FILE</key>
				<string>ra9-iOSTrainingUITests/Info.plist</string>
				<key>LD_RUNPATH_SEARCH_PATHS</key>
				<string>$(inherited) @executable_path/Frameworks @loader_path/Frameworks</string>
				<key>PRODUCT_BUNDLE_IDENTIFIER</key>
				<string>freedom.ra9-iOSTrainingUITests</string>
				<key>PRODUCT_NAME</key>
				<string>$(TARGET_NAME)</string>
				<key>TEST_TARGET_NAME</key>
				<string>ra9-iOSTraining</string>
			</dict>
			<key>isa</key>
			<string>XCBuildConfiguration</string>
			<key>name</key>
			<string>Release</string>
		</dict>
		<key>CC519D0D1D9E185A00DDB88D</key>
		<dict>
			<key>children</key>
			<array/>
			<key>isa</key>
			<string>PBXGroup</string>
			<key>path</key>
			<string>Models</string>
			<key>sourceTree</key>
			<string>&lt;group&gt;</string>
		</dict>
		<key>CC519D0E1D9E185A00DDB88D</key>
		<dict>
			<key>children</key>
			<array/>
			<key>isa</key>
			<string>PBXGroup</string>
			<key>path</key>
			<string>Services</string>
			<key>sourceTree</key>
			<string>&lt;group&gt;</string>
		</dict>
		<key>CC519D0F1D9E185A00DDB88D</key>
		<dict>
			<key>children</key>
			<array/>
			<key>isa</key>
			<string>PBXGroup</string>
			<key>path</key>
			<string>Stores</string>
			<key>sourceTree</key>
			<string>&lt;group&gt;</string>
		</dict>
		<key>CC519D101D9E185A00DDB88D</key>
		<dict>
			<key>children</key>
			<array/>
			<key>isa</key>
			<string>PBXGroup</string>
			<key>path</key>
			<string>Views</string>
			<key>sourceTree</key>
			<string>&lt;group&gt;</string>
		</dict>
		<key>CC519D111D9E186900DDB88D</key>
		<dict>
			<key>children</key>
			<array>
				<string>CC519D141D9E313600DDB88D</string>
				<string>CC519D151D9E313600DDB88D</string>
				<string>CC519D121D9E190200DDB88D</string>
				<string>CC519D171D9E328300DDB88D</string>
				<string>CC519D181D9E328300DDB88D</string>
				<string>CC519D1E1D9E33A700DDB88D</string>
				<string>CC519D1F1D9E33A700DDB88D</string>
				<string>CC519D211D9E373700DDB88D</string>
				<string>CC519D221D9E373700DDB88D</string>
			</array>
			<key>isa</key>
			<string>PBXGroup</string>
			<key>path</key>
			<string>Controls</string>
			<key>sourceTree</key>
			<string>&lt;group&gt;</string>
		</dict>
		<key>CC519D121D9E190200DDB88D</key>
		<dict>
			<key>fileEncoding</key>
			<string>4</string>
			<key>isa</key>
			<string>PBXFileReference</string>
			<key>lastKnownFileType</key>
			<string>file.storyboard</string>
			<key>path</key>
			<string>DantaiTopStoryboard.storyboard</string>
			<key>sourceTree</key>
			<string>&lt;group&gt;</string>
		</dict>
		<key>CC519D131D9E190200DDB88D</key>
		<dict>
			<key>fileRef</key>
			<string>CC519D121D9E190200DDB88D</string>
			<key>isa</key>
			<string>PBXBuildFile</string>
		</dict>
		<key>CC519D141D9E313600DDB88D</key>
		<dict>
			<key>fileEncoding</key>
			<string>4</string>
			<key>isa</key>
			<string>PBXFileReference</string>
			<key>lastKnownFileType</key>
			<string>sourcecode.c.h</string>
			<key>path</key>
			<string>DantaiTopController.h</string>
			<key>sourceTree</key>
			<string>&lt;group&gt;</string>
		</dict>
		<key>CC519D151D9E313600DDB88D</key>
		<dict>
			<key>fileEncoding</key>
			<string>4</string>
			<key>indentWidth</key>
			<string>4</string>
			<key>isa</key>
			<string>PBXFileReference</string>
			<key>lastKnownFileType</key>
			<string>sourcecode.c.objc</string>
			<key>path</key>
			<string>DantaiTopController.m</string>
			<key>sourceTree</key>
			<string>&lt;group&gt;</string>
			<key>tabWidth</key>
			<string>4</string>
		</dict>
		<key>CC519D161D9E313600DDB88D</key>
		<dict>
			<key>fileRef</key>
			<string>CC519D151D9E313600DDB88D</string>
			<key>isa</key>
			<string>PBXBuildFile</string>
		</dict>
		<key>CC519D171D9E328300DDB88D</key>
		<dict>
			<key>fileEncoding</key>
			<string>4</string>
			<key>isa</key>
			<string>PBXFileReference</string>
			<key>lastKnownFileType</key>
			<string>sourcecode.c.h</string>
			<key>path</key>
			<string>RenrakuListViewController.h</string>
			<key>sourceTree</key>
			<string>&lt;group&gt;</string>
		</dict>
		<key>CC519D181D9E328300DDB88D</key>
		<dict>
			<key>fileEncoding</key>
			<string>4</string>
			<key>isa</key>
			<string>PBXFileReference</string>
			<key>lastKnownFileType</key>
			<string>sourcecode.c.objc</string>
			<key>lineEnding</key>
			<string>0</string>
			<key>path</key>
			<string>RenrakuListViewController.m</string>
			<key>sourceTree</key>
			<string>&lt;group&gt;</string>
			<key>wrapsLines</key>
			<string>1</string>
		</dict>
		<key>CC519D191D9E328300DDB88D</key>
		<dict>
			<key>fileRef</key>
			<string>CC519D181D9E328300DDB88D</string>
			<key>isa</key>
			<string>PBXBuildFile</string>
		</dict>
		<key>CC519D1E1D9E33A700DDB88D</key>
		<dict>
			<key>fileEncoding</key>
			<string>4</string>
			<key>isa</key>
			<string>PBXFileReference</string>
			<key>lastKnownFileType</key>
			<string>sourcecode.c.h</string>
			<key>path</key>
			<string>KaiwaListViewController.h</string>
			<key>sourceTree</key>
			<string>&lt;group&gt;</string>
		</dict>
		<key>CC519D1F1D9E33A700DDB88D</key>
		<dict>
			<key>fileEncoding</key>
			<string>4</string>
			<key>isa</key>
			<string>PBXFileReference</string>
			<key>lastKnownFileType</key>
			<string>sourcecode.c.objc</string>
			<key>path</key>
			<string>KaiwaListViewController.m</string>
			<key>sourceTree</key>
			<string>&lt;group&gt;</string>
		</dict>
		<key>CC519D201D9E33A700DDB88D</key>
		<dict>
			<key>fileRef</key>
			<string>CC519D1F1D9E33A700DDB88D</string>
			<key>isa</key>
			<string>PBXBuildFile</string>
		</dict>
		<key>CC519D211D9E373700DDB88D</key>
		<dict>
			<key>fileEncoding</key>
			<string>4</string>
			<key>isa</key>
			<string>PBXFileReference</string>
			<key>lastKnownFileType</key>
			<string>sourcecode.c.h</string>
			<key>path</key>
			<string>NakamaListViewController.h</string>
			<key>sourceTree</key>
			<string>&lt;group&gt;</string>
		</dict>
		<key>CC519D221D9E373700DDB88D</key>
		<dict>
			<key>fileEncoding</key>
			<string>4</string>
			<key>isa</key>
			<string>PBXFileReference</string>
			<key>lastKnownFileType</key>
			<string>sourcecode.c.objc</string>
			<key>path</key>
			<string>NakamaListViewController.m</string>
			<key>sourceTree</key>
			<string>&lt;group&gt;</string>
		</dict>
		<key>CC519D231D9E373700DDB88D</key>
		<dict>
			<key>fileRef</key>
			<string>CC519D221D9E373700DDB88D</string>
			<key>isa</key>
			<string>PBXBuildFile</string>
		</dict>
		<key>D9783F9EBD1C33FE3DC96CF5</key>
		<dict>
			<key>children</key>
			<array>
				<string>F977465506069D685ED0E8D6</string>
				<string>ECA999AA2A497CD29F267660</string>
			</array>
			<key>isa</key>
			<string>PBXGroup</string>
			<key>name</key>
			<string>Pods</string>
			<key>sourceTree</key>
			<string>&lt;group&gt;</string>
		</dict>
		<key>ECA999AA2A497CD29F267660</key>
		<dict>
			<key>includeInIndex</key>
			<string>1</string>
			<key>isa</key>
			<string>PBXFileReference</string>
			<key>lastKnownFileType</key>
			<string>text.xcconfig</string>
			<key>name</key>
			<string>Pods-ra9-iOSTraining.release.xcconfig</string>
			<key>path</key>
			<string>Pods/Target Support Files/Pods-ra9-iOSTraining/Pods-ra9-iOSTraining.release.xcconfig</string>
			<key>sourceTree</key>
			<string>&lt;group&gt;</string>
		</dict>
		<key>F977465506069D685ED0E8D6</key>
		<dict>
			<key>includeInIndex</key>
			<string>1</string>
			<key>isa</key>
			<string>PBXFileReference</string>
			<key>lastKnownFileType</key>
			<string>text.xcconfig</string>
			<key>name</key>
			<string>Pods-ra9-iOSTraining.debug.xcconfig</string>
			<key>path</key>
			<string>Pods/Target Support Files/Pods-ra9-iOSTraining/Pods-ra9-iOSTraining.debug.xcconfig</string>
			<key>sourceTree</key>
			<string>&lt;group&gt;</string>
		</dict>
	</dict>
	<key>rootObject</key>
	<string>CC519CCF1D9E120400DDB88D</string>
</dict>
</plist>
